
Microsoft Visual Studio Solution File, Format Version 12.00
# Visual Studio Version 16
VisualStudioVersion = 16.0.30114.105
MinimumVisualStudioVersion = 10.0.40219.1
Project("{F2A71F9B-5D33-465A-A702-920D77279786}") = "01", "01\01.fsproj", "{790047F3-5A0B-4A8B-B476-C90FB1C7A1A0}"
EndProject
Project("{F2A71F9B-5D33-465A-A702-920D77279786}") = "02", "02\02.fsproj", "{82E57D59-71B5-405B-AEAA-D22E7F388B56}"
EndProject
Project("{F2A71F9B-5D33-465A-A702-920D77279786}") = "day03", "day03\day03.fsproj", "{8569C5E7-7C47-4C76-9276-45184E0FC3D2}"
EndProject
Project("{F2A71F9B-5D33-465A-A702-920D77279786}") = "day04", "day04\day04.fsproj", "{3B2AF67C-AAD1-40DE-B502-0925C50D037E}"
EndProject
Project("{F2A71F9B-5D33-465A-A702-920D77279786}") = "day05", "day05\day05.fsproj", "{8C5D664C-22AB-4854-84BA-3622C3D72B29}"
EndProject
Project("{F2A71F9B-5D33-465A-A702-920D77279786}") = "day06", "day06\day06.fsproj", "{EA448A90-4E09-4448-9DC6-3EBF7EBA6F18}"
EndProject
Project("{F2A71F9B-5D33-465A-A702-920D77279786}") = "day07", "day07\day07.fsproj", "{C76C179B-053F-4150-985B-CBBBFF2126A6}"
EndProject
Global
	GlobalSection(SolutionConfigurationPlatforms) = preSolution
		Debug|Any CPU = Debug|Any CPU
		Release|Any CPU = Release|Any CPU
	EndGlobalSection
	GlobalSection(SolutionProperties) = preSolution
		HideSolutionNode = FALSE
	EndGlobalSection
	GlobalSection(ProjectConfigurationPlatforms) = postSolution
		{790047F3-5A0B-4A8B-B476-C90FB1C7A1A0}.Debug|Any CPU.ActiveCfg = Debug|Any CPU
		{790047F3-5A0B-4A8B-B476-C90FB1C7A1A0}.Debug|Any CPU.Build.0 = Debug|Any CPU
		{790047F3-5A0B-4A8B-B476-C90FB1C7A1A0}.Release|Any CPU.ActiveCfg = Release|Any CPU
		{790047F3-5A0B-4A8B-B476-C90FB1C7A1A0}.Release|Any CPU.Build.0 = Release|Any CPU
		{82E57D59-71B5-405B-AEAA-D22E7F388B56}.Debug|Any CPU.ActiveCfg = Debug|Any CPU
		{82E57D59-71B5-405B-AEAA-D22E7F388B56}.Debug|Any CPU.Build.0 = Debug|Any CPU
		{82E57D59-71B5-405B-AEAA-D22E7F388B56}.Release|Any CPU.ActiveCfg = Release|Any CPU
		{82E57D59-71B5-405B-AEAA-D22E7F388B56}.Release|Any CPU.Build.0 = Release|Any CPU
		{8569C5E7-7C47-4C76-9276-45184E0FC3D2}.Debug|Any CPU.ActiveCfg = Debug|Any CPU
		{8569C5E7-7C47-4C76-9276-45184E0FC3D2}.Debug|Any CPU.Build.0 = Debug|Any CPU
		{8569C5E7-7C47-4C76-9276-45184E0FC3D2}.Release|Any CPU.ActiveCfg = Release|Any CPU
		{8569C5E7-7C47-4C76-9276-45184E0FC3D2}.Release|Any CPU.Build.0 = Release|Any CPU
		{3B2AF67C-AAD1-40DE-B502-0925C50D037E}.Debug|Any CPU.ActiveCfg = Debug|Any CPU
		{3B2AF67C-AAD1-40DE-B502-0925C50D037E}.Debug|Any CPU.Build.0 = Debug|Any CPU
		{3B2AF67C-AAD1-40DE-B502-0925C50D037E}.Release|Any CPU.ActiveCfg = Release|Any CPU
		{3B2AF67C-AAD1-40DE-B502-0925C50D037E}.Release|Any CPU.Build.0 = Release|Any CPU
		{8C5D664C-22AB-4854-84BA-3622C3D72B29}.Debug|Any CPU.ActiveCfg = Debug|Any CPU
		{8C5D664C-22AB-4854-84BA-3622C3D72B29}.Debug|Any CPU.Build.0 = Debug|Any CPU
		{8C5D664C-22AB-4854-84BA-3622C3D72B29}.Release|Any CPU.ActiveCfg = Release|Any CPU
		{8C5D664C-22AB-4854-84BA-3622C3D72B29}.Release|Any CPU.Build.0 = Release|Any CPU
		{EA448A90-4E09-4448-9DC6-3EBF7EBA6F18}.Debug|Any CPU.ActiveCfg = Debug|Any CPU
		{EA448A90-4E09-4448-9DC6-3EBF7EBA6F18}.Debug|Any CPU.Build.0 = Debug|Any CPU
		{EA448A90-4E09-4448-9DC6-3EBF7EBA6F18}.Release|Any CPU.ActiveCfg = Release|Any CPU
		{EA448A90-4E09-4448-9DC6-3EBF7EBA6F18}.Release|Any CPU.Build.0 = Release|Any CPU
		{C76C179B-053F-4150-985B-CBBBFF2126A6}.Debug|Any CPU.ActiveCfg = Debug|Any CPU
		{C76C179B-053F-4150-985B-CBBBFF2126A6}.Debug|Any CPU.Build.0 = Debug|Any CPU
		{C76C179B-053F-4150-985B-CBBBFF2126A6}.Release|Any CPU.ActiveCfg = Release|Any CPU
		{C76C179B-053F-4150-985B-CBBBFF2126A6}.Release|Any CPU.Build.0 = Release|Any CPU
	EndGlobalSection
EndGlobal
